{
    "_meta": {
        "hash": {
            "sha256": "c7fb73b14985d7d6d053591f0930ce1e52eb3e24562c209e949904e5aa4cb563"
        },
        "pipfile-spec": 6,
        "requires": {
            "python_version": "3.*"
        },
        "sources": [
            {
                "name": "pypi",
                "url": "https://pypi.org/simple",
                "verify_ssl": true
            }
        ]
    },
    "default": {
        "asgiref": {
            "hashes": [
                "sha256:3e1e3ecc849832fe52ccf2cb6686b7a55f82bb1d6aee72a58826471390335e47",
                "sha256:c343bd80a0bec947a9860adb4c432ffa7db769836c64238fc34bdc3fec84d590"
            ],
            "markers": "python_version >= '3.8'",
            "version": "==3.8.1"
        },
        "brotli": {
            "hashes": [
                "sha256:03d20af184290887bdea3f0f78c4f737d126c74dc2f3ccadf07e54ceca3bf208",
                "sha256:0541e747cce78e24ea12d69176f6a7ddb690e62c425e01d31cc065e69ce55b48",
                "sha256:069a121ac97412d1fe506da790b3e69f52254b9df4eb665cd42460c837193354",
                "sha256:0737ddb3068957cf1b054899b0883830bb1fec522ec76b1098f9b6e0f02d9419",
                "sha256:0b63b949ff929fbc2d6d3ce0e924c9b93c9785d877a21a1b678877ffbbc4423a",
                "sha256:0c6244521dda65ea562d5a69b9a26120769b7a9fb3db2fe9545935ed6735b128",
                "sha256:11d00ed0a83fa22d29bc6b64ef636c4552ebafcef57154b4ddd132f5638fbd1c",
                "sha256:141bd4d93984070e097521ed07e2575b46f817d08f9fa42b16b9b5f27b5ac088",
                "sha256:19c116e796420b0cee3da1ccec3b764ed2952ccfcc298b55a10e5610ad7885f9",
                "sha256:1ab4fbee0b2d9098c74f3057b2bc055a8bd92ccf02f65944a241b4349229185a",
                "sha256:1ae56aca0402a0f9a3431cddda62ad71666ca9d4dc3a10a142b9dce2e3c0cda3",
                "sha256:1b2c248cd517c222d89e74669a4adfa5577e06ab68771a529060cf5a156e9757",
                "sha256:1e9a65b5736232e7a7f91ff3d02277f11d339bf34099a56cdab6a8b3410a02b2",
                "sha256:224e57f6eac61cc449f498cc5f0e1725ba2071a3d4f48d5d9dffba42db196438",
                "sha256:22fc2a8549ffe699bfba2256ab2ed0421a7b8fadff114a3d201794e45a9ff578",
                "sha256:23032ae55523cc7bccb4f6a0bf368cd25ad9bcdcc1990b64a647e7bbcce9cb5b",
                "sha256:2333e30a5e00fe0fe55903c8832e08ee9c3b1382aacf4db26664a16528d51b4b",
                "sha256:2954c1c23f81c2eaf0b0717d9380bd348578a94161a65b3a2afc62c86467dd68",
                "sha256:2a24c50840d89ded6c9a8fdc7b6ed3692ed4e86f1c4a4a938e1e92def92933e0",
                "sha256:2de9d02f5bda03d27ede52e8cfe7b865b066fa49258cbab568720aa5be80a47d",
                "sha256:2feb1d960f760a575dbc5ab3b1c00504b24caaf6986e2dc2b01c09c87866a943",
                "sha256:30924eb4c57903d5a7526b08ef4a584acc22ab1ffa085faceb521521d2de32dd",
                "sha256:316cc9b17edf613ac76b1f1f305d2a748f1b976b033b049a6ecdfd5612c70409",
                "sha256:32d95b80260d79926f5fab3c41701dbb818fde1c9da590e77e571eefd14abe28",
                "sha256:38025d9f30cf4634f8309c6874ef871b841eb3c347e90b0851f63d1ded5212da",
                "sha256:39da8adedf6942d76dc3e46653e52df937a3c4d6d18fdc94a7c29d263b1f5b50",
                "sha256:3c0ef38c7a7014ffac184db9e04debe495d317cc9c6fb10071f7fefd93100a4f",
                "sha256:3d7954194c36e304e1523f55d7042c59dc53ec20dd4e9ea9d151f1b62b4415c0",
                "sha256:3ee8a80d67a4334482d9712b8e83ca6b1d9bc7e351931252ebef5d8f7335a547",
                "sha256:4093c631e96fdd49e0377a9c167bfd75b6d0bad2ace734c6eb20b348bc3ea180",
                "sha256:43395e90523f9c23a3d5bdf004733246fba087f2948f87ab28015f12359ca6a0",
                "sha256:43ce1b9935bfa1ede40028054d7f48b5469cd02733a365eec8a329ffd342915d",
                "sha256:4410f84b33374409552ac9b6903507cdb31cd30d2501fc5ca13d18f73548444a",
                "sha256:494994f807ba0b92092a163a0a283961369a65f6cbe01e8891132b7a320e61eb",
                "sha256:4d4a848d1837973bf0f4b5e54e3bec977d99be36a7895c61abb659301b02c112",
                "sha256:4ed11165dd45ce798d99a136808a794a748d5dc38511303239d4e2363c0695dc",
                "sha256:4f3607b129417e111e30637af1b56f24f7a49e64763253bbc275c75fa887d4b2",
                "sha256:510b5b1bfbe20e1a7b3baf5fed9e9451873559a976c1a78eebaa3b86c57b4265",
                "sha256:524f35912131cc2cabb00edfd8d573b07f2d9f21fa824bd3fb19725a9cf06327",
                "sha256:587ca6d3cef6e4e868102672d3bd9dc9698c309ba56d41c2b9c85bbb903cdb95",
                "sha256:58d4b711689366d4a03ac7957ab8c28890415e267f9b6589969e74b6e42225ec",
                "sha256:5b3cc074004d968722f51e550b41a27be656ec48f8afaeeb45ebf65b561481dd",
                "sha256:5dab0844f2cf82be357a0eb11a9087f70c5430b2c241493fc122bb6f2bb0917c",
                "sha256:5e55da2c8724191e5b557f8e18943b1b4839b8efc3ef60d65985bcf6f587dd38",
                "sha256:5eeb539606f18a0b232d4ba45adccde4125592f3f636a6182b4a8a436548b914",
                "sha256:5f4d5ea15c9382135076d2fb28dde923352fe02951e66935a9efaac8f10e81b0",
                "sha256:5fb2ce4b8045c78ebbc7b8f3c15062e435d47e7393cc57c25115cfd49883747a",
                "sha256:6172447e1b368dcbc458925e5ddaf9113477b0ed542df258d84fa28fc45ceea7",
                "sha256:6967ced6730aed543b8673008b5a391c3b1076d834ca438bbd70635c73775368",
                "sha256:6974f52a02321b36847cd19d1b8e381bf39939c21efd6ee2fc13a28b0d99348c",
                "sha256:6c3020404e0b5eefd7c9485ccf8393cfb75ec38ce75586e046573c9dc29967a0",
                "sha256:6c6e0c425f22c1c719c42670d561ad682f7bfeeef918edea971a79ac5252437f",
                "sha256:70051525001750221daa10907c77830bc889cb6d865cc0b813d9db7fefc21451",
                "sha256:7905193081db9bfa73b1219140b3d315831cbff0d8941f22da695832f0dd188f",
                "sha256:7bc37c4d6b87fb1017ea28c9508b36bbcb0c3d18b4260fcdf08b200c74a6aee8",
                "sha256:7c4855522edb2e6ae7fdb58e07c3ba9111e7621a8956f481c68d5d979c93032e",
                "sha256:7e4c4629ddad63006efa0ef968c8e4751c5868ff0b1c5c40f76524e894c50248",
                "sha256:7eedaa5d036d9336c95915035fb57422054014ebdeb6f3b42eac809928e40d0c",
                "sha256:7f4bf76817c14aa98cc6697ac02f3972cb8c3da93e9ef16b9c66573a68014f91",
                "sha256:81de08ac11bcb85841e440c13611c00b67d3bf82698314928d0b676362546724",
                "sha256:832436e59afb93e1836081a20f324cb185836c617659b07b129141a8426973c7",
                "sha256:861bf317735688269936f755fa136a99d1ed526883859f86e41a5d43c61d8966",
                "sha256:87a3044c3a35055527ac75e419dfa9f4f3667a1e887ee80360589eb8c90aabb9",
                "sha256:890b5a14ce214389b2cc36ce82f3093f96f4cc730c1cffdbefff77a7c71f2a97",
                "sha256:89f4988c7203739d48c6f806f1e87a1d96e0806d44f0fba61dba81392c9e474d",
                "sha256:8bf32b98b75c13ec7cf774164172683d6e7891088f6316e54425fde1efc276d5",
                "sha256:8dadd1314583ec0bf2d1379f7008ad627cd6336625d6679cf2f8e67081b83acf",
                "sha256:901032ff242d479a0efa956d853d16875d42157f98951c0230f69e69f9c09bac",
                "sha256:9011560a466d2eb3f5a6e4929cf4a09be405c64154e12df0dd72713f6500e32b",
                "sha256:906bc3a79de8c4ae5b86d3d75a8b77e44404b0f4261714306e3ad248d8ab0951",
                "sha256:919e32f147ae93a09fe064d77d5ebf4e35502a8df75c29fb05788528e330fe74",
                "sha256:91d7cc2a76b5567591d12c01f019dd7afce6ba8cba6571187e21e2fc418ae648",
                "sha256:929811df5462e182b13920da56c6e0284af407d1de637d8e536c5cd00a7daf60",
                "sha256:949f3b7c29912693cee0afcf09acd6ebc04c57af949d9bf77d6101ebb61e388c",
                "sha256:a090ca607cbb6a34b0391776f0cb48062081f5f60ddcce5d11838e67a01928d1",
                "sha256:a1fd8a29719ccce974d523580987b7f8229aeace506952fa9ce1d53a033873c8",
                "sha256:a37b8f0391212d29b3a91a799c8e4a2855e0576911cdfb2515487e30e322253d",
                "sha256:a3daabb76a78f829cafc365531c972016e4aa8d5b4bf60660ad8ecee19df7ccc",
                "sha256:a469274ad18dc0e4d316eefa616d1d0c2ff9da369af19fa6f3daa4f09671fd61",
                "sha256:a599669fd7c47233438a56936988a2478685e74854088ef5293802123b5b2460",
                "sha256:a743e5a28af5f70f9c080380a5f908d4d21d40e8f0e0c8901604d15cfa9ba751",
                "sha256:a77def80806c421b4b0af06f45d65a136e7ac0bdca3c09d9e2ea4e515367c7e9",
                "sha256:a7e53012d2853a07a4a79c00643832161a910674a893d296c9f1259859a289d2",
                "sha256:a93dde851926f4f2678e704fadeb39e16c35d8baebd5252c9fd94ce8ce68c4a0",
                "sha256:aac0411d20e345dc0920bdec5548e438e999ff68d77564d5e9463a7ca9d3e7b1",
                "sha256:ae15b066e5ad21366600ebec29a7ccbc86812ed267e4b28e860b8ca16a2bc474",
                "sha256:aea440a510e14e818e67bfc4027880e2fb500c2ccb20ab21c7a7c8b5b4703d75",
                "sha256:af6fa6817889314555aede9a919612b23739395ce767fe7fcbea9a80bf140fe5",
                "sha256:b760c65308ff1e462f65d69c12e4ae085cff3b332d894637f6273a12a482d09f",
                "sha256:be36e3d172dc816333f33520154d708a2657ea63762ec16b62ece02ab5e4daf2",
                "sha256:c247dd99d39e0338a604f8c2b3bc7061d5c2e9e2ac7ba9cc1be5a69cb6cd832f",
                "sha256:c5529b34c1c9d937168297f2c1fde7ebe9ebdd5e121297ff9c043bdb2ae3d6fb",
                "sha256:c8146669223164fc87a7e3de9f81e9423c67a79d6b3447994dfb9c95da16e2d6",
                "sha256:c8fd5270e906eef71d4a8d19b7c6a43760c6abcfcc10c9101d14eb2357418de9",
                "sha256:ca63e1890ede90b2e4454f9a65135a4d387a4585ff8282bb72964fab893f2111",
                "sha256:caf9ee9a5775f3111642d33b86237b05808dafcd6268faa492250e9b78046eb2",
                "sha256:cb1dac1770878ade83f2ccdf7d25e494f05c9165f5246b46a621cc849341dc01",
                "sha256:cdad5b9014d83ca68c25d2e9444e28e967ef16e80f6b436918c700c117a85467",
                "sha256:cdbc1fc1bc0bff1cef838eafe581b55bfbffaed4ed0318b724d0b71d4d377619",
                "sha256:ceb64bbc6eac5a140ca649003756940f8d6a7c444a68af170b3187623b43bebf",
                "sha256:d0c5516f0aed654134a2fc936325cc2e642f8a0e096d075209672eb321cff408",
                "sha256:d143fd47fad1db3d7c27a1b1d66162e855b5d50a89666af46e1679c496e8e579",
                "sha256:d192f0f30804e55db0d0e0a35d83a9fead0e9a359a9ed0285dbacea60cc10a84",
                "sha256:d2b35ca2c7f81d173d2fadc2f4f31e88cc5f7a39ae5b6db5513cf3383b0e0ec7",
                "sha256:d342778ef319e1026af243ed0a07c97acf3bad33b9f29e7ae6a1f68fd083e90c",
                "sha256:d487f5432bf35b60ed625d7e1b448e2dc855422e87469e3f450aa5552b0eb284",
                "sha256:d7702622a8b40c49bffb46e1e3ba2e81268d5c04a34f460978c6b5517a34dd52",
                "sha256:db85ecf4e609a48f4b29055f1e144231b90edc90af7481aa731ba2d059226b1b",
                "sha256:de6551e370ef19f8de1807d0a9aa2cdfdce2e85ce88b122fe9f6b2b076837e59",
                "sha256:e1140c64812cb9b06c922e77f1c26a75ec5e3f0fb2bf92cc8c58720dec276752",
                "sha256:e4fe605b917c70283db7dfe5ada75e04561479075761a0b3866c081d035b01c1",
                "sha256:e6a904cb26bfefc2f0a6f240bdf5233be78cd2488900a2f846f3c3ac8489ab80",
                "sha256:e79e6520141d792237c70bcd7a3b122d00f2613769ae0cb61c52e89fd3443839",
                "sha256:e84799f09591700a4154154cab9787452925578841a94321d5ee8fb9a9a328f0",
                "sha256:e93dfc1a1165e385cc8239fab7c036fb2cd8093728cbd85097b284d7b99249a2",
                "sha256:efa8b278894b14d6da122a72fefcebc28445f2d3f880ac59d46c90f4c13be9a3",
                "sha256:f0d8a7a6b5983c2496e364b969f0e526647a06b075d034f3297dc66f3b360c64",
                "sha256:f0db75f47be8b8abc8d9e31bc7aad0547ca26f24a54e6fd10231d623f183d089",
                "sha256:f296c40e23065d0d6650c4aefe7470d2a25fffda489bcc3eb66083f3ac9f6643",
                "sha256:f31859074d57b4639318523d6ffdca586ace54271a73ad23ad021acd807eb14b",
                "sha256:f66b5337fa213f1da0d9000bc8dc0cb5b896b726eefd9c6046f699b169c41b9e",
                "sha256:f733d788519c7e3e71f0855c96618720f5d3d60c3cb829d8bbb722dddce37985",
                "sha256:fce1473f3ccc4187f75b4690cfc922628aed4d3dd013d047f95a9b3919a86596",
                "sha256:fd5f17ff8f14003595ab414e45fce13d073e0762394f957182e69035c9f3d7c2",
                "sha256:fdc3ff3bfccdc6b9cc7c342c03aa2400683f0cb891d46e94b64a197910dc4064"
            ],
            "version": "==1.1.0"
        },
        "click": {
            "hashes": [
                "sha256:63c132bbbed01578a06712a2d1f497bb62d9c1c0d329b7903a866228027263b2",
                "sha256:ed53c9d8990d83c2a27deae68e4ee337473f6330c040a31d4225c9574d16096a"
            ],
            "markers": "python_version >= '3.7'",
            "version": "==8.1.8"
        },
        "colorama": {
            "hashes": [
                "sha256:08695f5cb7ed6e0531a20572697297273c47b8cae5a63ffc6d6ed5c201be6e44",
                "sha256:4f1d9991f5acc0ca119f9d443620b77f9d6b33703e51011c16baf57afb285fc6"
            ],
            "markers": "python_version >= '2.7' and python_version not in '3.0, 3.1, 3.2, 3.3, 3.4, 3.5, 3.6'",
            "version": "==0.4.6"
        },
        "crispy-tailwind": {
            "hashes": [
                "sha256:2bc9f616d406e4b003f25d46fcb0079f1c2522719d97adb107667271d849459a",
                "sha256:31427f66b1c4fd0d6fb040f4197cfb97d104cdbe7641ea2dea940c0057c4db4b"
            ],
            "index": "pypi",
            "markers": "python_version >= '3.8'",
            "version": "==1.0.3"
        },
        "dj-database-url": {
            "hashes": [
                "sha256:ae52e8e634186b57e5a45e445da5dc407a819c2ceed8a53d1fac004cc5288787",
                "sha256:bb0d414ba0ac5cd62773ec7f86f8cc378a9dbb00a80884c2fc08cc570452521e"
            ],
            "index": "pypi",
            "version": "==2.3.0"
        },
        "django": {
            "hashes": [
                "sha256:1a47f7a7a3d43ce64570d350e008d2949abe8c7e21737b351b6a1611277c6d89",
                "sha256:91ceed4e3a6db5aedced65e3c8f963118ea9ba753fc620831c77074e620e7d83"
            ],
            "index": "pypi",
            "markers": "python_version >= '3.10'",
            "version": "==5.2"
        },
        "django-crispy-forms": {
            "hashes": [
                "sha256:5a4b99876cfb1bdd3e47727731b6d4197c51c0da502befbfbec6a93010b02030",
                "sha256:915e1ffdeb2987d78b33fabfeff8e5203c8776aa910a3a659a2c514ca125f3bd"
            ],
            "index": "pypi",
            "markers": "python_version >= '3.8'",
            "version": "==2.4"
        },
        "gunicorn": {
            "hashes": [
                "sha256:ec400d38950de4dfd418cff8328b2c8faed0edb0d517d3394e457c317908ca4d",
                "sha256:f014447a0101dc57e294f6c18ca6b40227a4c90e9bdb586042628030cba004ec"
            ],
            "index": "pypi",
            "markers": "python_version >= '3.7'",
            "version": "==23.0.0"
        },
        "h11": {
            "hashes": [
                "sha256:8f19fbbe99e72420ff35c00b27a34cb9937e902a8b810e2c88300c6f0a3b699d",
                "sha256:e3fe4ac4b851c468cc8363d500db52c2ead036020723024a109d37346efaa761"
            ],
            "markers": "python_version >= '3.7'",
            "version": "==0.14.0"
        },
        "packaging": {
            "hashes": [
                "sha256:29572ef2b1f17581046b3a2227d5c611fb25ec70ca1ba8554b24b0e69331a484",
                "sha256:d443872c98d677bf60f6a1f2f8c1cb748e8fe762d2bf9d3148b5599295b0fc4f"
            ],
            "markers": "python_version >= '3.8'",
            "version": "==25.0"
        },
        "psycopg": {
            "extras": [
                "binary"
            ],
            "hashes": [
                "sha256:16fa094efa2698f260f2af74f3710f781e4a6f226efe9d1fd0c37f384639ed8a",
                "sha256:f3ff5488525890abb0566c429146add66b329e20d6d4835662b920cbbf90ac58"
            ],
            "markers": "python_version >= '3.8'",
            "version": "==3.2.6"
        },
        "psycopg-binary": {
            "hashes": [
                "sha256:030e9c3082a931e972b029b3cef085784a3bf7f8e18367ae50d5b809aa6e1d87",
                "sha256:05560c81312d7c2bee95a9860cd25198677f2320fb4a3527bc04e8cae7fcfb64",
                "sha256:0690ac1061c655b1bcbe9284d07bf5276bc9c0d788a6c74aaf3b042e64984b83",
                "sha256:0f4699fa5fe1fffb0d6b2d14b31fd8c29b7ea7375f89d5989f002aaf21728b21",
                "sha256:1b5c359173726b38d7acbb9f73270f269591d8031d099c1a70dd3f3d22b0e8a8",
                "sha256:1b639acb3e24243c23f75700bf6e3af7b76da92523ec7c3196a13aaf0b578453",
                "sha256:1b7e3ccc43c395edba8039c9e407b01ed1844304c7f2f4aa99d34d04ed067c83",
                "sha256:1e2efb763188008cf2914820dcb9fb23c10fe2be0d2c97ef0fac7cec28e281d8",
                "sha256:260c43c329e668606388cee78ec0dab083a25c2c6e6f9cf74a130fd5a27b0f87",
                "sha256:274794b4b29ef426e09086404446b61a146f5e756da71366c5a6d57abec31f7d",
                "sha256:28505f52ceef60554b5ab3289bf5aed2e7e57fa8e9a59a979d82db944e256a6c",
                "sha256:2e0f4a17a9c376c195e403b4826c18f325bd28f425231d36d1036258bf893e23",
                "sha256:2e118d818101c1608c6b5ba52a6c977614d8f05aa89467501172ba4d10588e11",
                "sha256:2fbc05819560389dbece046966bc88e0f2ea77673497e274c4293b8b4c1d0703",
                "sha256:3434efe7c00f505f4c1e531519dac6c701df738ba7a1328eac81118d80019132",
                "sha256:34bb0fceba0773dc0bfb53224bb2c0b19dc97ea0a997a223615484cf02cae55c",
                "sha256:36f598300b55b3c983ae8df06473ad27333d2fd9f3e2cfdb913b3a5aaa3a8bcf",
                "sha256:3761c4107dab218c32ce4b10b1ae5ed686d41b882bfcb05f5bebc2be9488442f",
                "sha256:3c0cddc7458b8416d77cd8829d0192466502f31d1fb853d58613cf13ac64f41c",
                "sha256:4269cd23a485d6dd6eb6b10841c94551a53091cf0b1b6d5247a6a341f53f0d95",
                "sha256:45f1526e12cb480586c74670f46563d3090fc2a93e859ccf71efae61f04cef4b",
                "sha256:4b3aab3451679f1e7932270e950259ed48c3b79390022d3f660491c0e65e4838",
                "sha256:532322d9ef6e7d178a4f344970b017110633bcc3dc1c3403efcef55aad612517",
                "sha256:54120122d2779dcd307f49e1f921d757fe5dacdced27deab37f277eef0c52a5b",
                "sha256:54af3fbf871baa2eb19df96fd7dc0cbd88e628a692063c3d1ab5cdd00aa04322",
                "sha256:55fa40f11d37e6e5149a282a5fd7e0734ce55c623673bfba638480914fd1414c",
                "sha256:566d4ace928419d91f1eb3227fc9ef7b41cf0ad22e93dd2c3368d693cf144408",
                "sha256:58d5cfb1687b69b3484a034d1aa6e5c11f0c1d46757e978ed59fab59ce83fd37",
                "sha256:58f443b4df2adb59937c96775fadf4967f93d952fbcc82394446985faec11041",
                "sha256:5a57f99bb953b4bd6f32d0a9844664e7f6ca5ead9ba40e96635be3cd30794813",
                "sha256:5de6809e19a465dcb9c269675bded46a135f2d600cd99f0735afbb21ddad2af4",
                "sha256:66c3bed2caf0d1cabcb9365064de183b5209a7cbeaa131e79e68f350c9c963c2",
                "sha256:69845bdc0db519e1dfc27932cd3d5b1ecb3f72950af52a1987508ab0b52b3b55",
                "sha256:6c5172ce3e4ae7a4fd450070210f801e2ce6bc0f11d1208d29268deb0cda34de",
                "sha256:763319a8bfeca77d31512da71f5a33459b9568a7621c481c3828c62f9c38f351",
                "sha256:7942f35a6f314608720116bcd9de240110ceadffd2ac5c34f68f74a31e52e46a",
                "sha256:7adf1460c05f7366f0fe9cf2d24e46abca9eb621705322bbd0c3f3e3a5edb2b4",
                "sha256:7afe181f6b3eb714362e9b6a2dc2a589bff60471a1d8639fd231a4e426e01523",
                "sha256:816aa556f63b2303e66ba6c8888a8b3f3e6e4e47049ec7a4d62c84ac60b091ca",
                "sha256:849a370ac4e125f55f2ad37f928e588291a67ccf91fa33d0b1e042bb3ee1f986",
                "sha256:880c5fd76dcb50bdcc8f87359e5a6c7eb416697cc9aa02854c91223bd999c045",
                "sha256:8d55405efc8a96aa0ecb2d5d6af552d35c744f160b133fa690814a68d9a952c8",
                "sha256:8fa1c920cce16f1205f37b20c685c58b9656b170b8b4c93629100d342d0d118e",
                "sha256:9870e51fad4684dbdec057fa757d65e61cb2acb16236836e9360044c2a1ec880",
                "sha256:9bca8d9643191b13193940bbf84d51ac5a747e965c230177258fb02b8043fb7a",
                "sha256:ac46da609624b16d961f604b3cbc3233ef43211ef1456a188f8c427109c9c3e1",
                "sha256:ad5da1e4636776c21eaeacdec42f25fa4612631a12f25cd9ab34ddf2c346ffb9",
                "sha256:afe697b8b0071f497c5d4c0f41df9e038391534f5614f7fb3a8c1ca32d66e860",
                "sha256:b30ee4821ded7de48b8048b14952512588e7c5477b0a5965221e1798afba61a1",
                "sha256:b4d4fd4415d5219785fb082e28d84be4fbd90c3bff3d861877db0aa6b0edd70b",
                "sha256:b60c9ed291fbd5e777c2c630dcfd10b7a87d68512b0757d5e7406d9c4895a82a",
                "sha256:bcfab3804c43571a6615e559cdc4c4115785d258a4dd71a721be033f5f5f378d",
                "sha256:d19a0ba351eda9a59babf8c7c9d89c7bbc5b26bf096bc349b096bd0dd2482088",
                "sha256:d6e197e01290ef818a092c877025fc28096adbb6d0743e313491a21aab31bd96",
                "sha256:d6f2894cc7aee8a15fe591e8536911d9c015cb404432cf7bdac2797e54cb2ba8",
                "sha256:da5554553b8d9fb7ab6bb1a37cc53f20ada9024916c60f40c09ab1a675323f2f",
                "sha256:e3ae3201fe85c7f901349a2cf52f02ceca4cb97a5e2e2ac8b8a1c9a6eb747bed",
                "sha256:e57edf3b1f5427f39660225b01f8e7b97f5cfab132092f014bf1638bc85d81d2",
                "sha256:e77949b8e7014b85cee0bf6e9e041bcae7719b2693ebf59236368fb0b2a08814",
                "sha256:e9a4a9967ff650d2821d5fad6bec7b15f4c2072603e9fa3f89a39f351ade1fd3",
                "sha256:ea158665676f42b19585dfe948071d3c5f28276f84a97522fb2e82c1d9194563",
                "sha256:eb8a1e6b8130fee0b48107739e09553d50c6f031d0b3fcc33f885bb64fa01105",
                "sha256:f1981f13b10de2f11cfa2f99a8738b35b3f0a0f3075861446894a8d3042430c0",
                "sha256:f27a46ff0497e882e8c0286e8833c785b4d1a80f23e1bf606f4c90e5f9f3ce75",
                "sha256:f7956b9ea56f79cd86eddcfbfc65ae2af1e4fe7932fa400755005d903c709370"
            ],
            "markers": "python_version >= '3.8'",
            "version": "==3.2.6"
        },
        "python-dotenv": {
            "hashes": [
                "sha256:41f90bc6f5f177fb41f53e87666db362025010eb28f60a01c9143bfa33a2b2d5",
                "sha256:d7c01d9e2293916c18baf562d95698754b0dbbb5e74d457c45d4f6561fb9d55d"
            ],
            "index": "pypi",
            "markers": "python_version >= '3.9'",
            "version": "==1.1.0"
        },
        "sqlparse": {
            "hashes": [
                "sha256:09f67787f56a0b16ecdbde1bfc7f5d9c3371ca683cfeaa8e6ff60b4807ec9272",
                "sha256:cf2196ed3418f3ba5de6af7e82c694a9fbdbfecccdfc72e281548517081f16ca"
            ],
            "markers": "python_version >= '3.8'",
            "version": "==0.5.3"
        },
        "typing-extensions": {
            "hashes": [
                "sha256:a439e7c04b49fec3e5d3e2beaa21755cadbbdc391694e28ccdd36ca4a1408f8c",
                "sha256:e6c81219bd689f51865d9e372991c540bda33a0379d5573cddb9a3a23f7caaef"
            ],
            "markers": "python_version >= '3.8'",
            "version": "==4.13.2"
        },
        "tzdata": {
            "hashes": [
                "sha256:1a403fada01ff9221ca8044d701868fa132215d84beb92242d9acd2147f667a8",
                "sha256:b60a638fcc0daffadf82fe0f57e53d06bdec2f36c4df66280ae79bce6bd6f2b9"
            ],
            "markers": "python_version >= '2'",
            "version": "==2025.2"
        },
        "uvicorn": {
            "hashes": [
                "sha256:0e929828f6186353a80b58ea719861d2629d766293b6d19baf086ba31d4f3328",
                "sha256:deb49af569084536d269fe0a6d67e3754f104cf03aba7c11c40f01aadf33c403"
            ],
            "index": "pypi",
            "markers": "python_version >= '3.9'",
            "version": "==0.34.2"
        },
        "whitenoise": {
            "extras": [
                "brotli"
            ],
            "hashes": [
                "sha256:8c4a7c9d384694990c26f3047e118c691557481d624f069b7f7752a2f735d609",
                "sha256:c8a489049b7ee9889617bb4c274a153f3d979e8f51d2efd0f5b403caf41c57df"
            ],
            "markers": "python_version >= '3.9'",
            "version": "==6.9.0"
        }
    },
    "develop": {}
}
